
Microsoft Visual Studio Solution File, Format Version 12.00
# Visual Studio Version 16
VisualStudioVersion = 16.0.30907.101
MinimumVisualStudioVersion = 10.0.40219.1
Project("{FAE04EC0-301F-11D3-BF4B-00C04F79EFBC}") = "LinqLab", "LinqLab\LinqLab.csproj", "{9DFB6DB2-877F-46C7-BCF7-4A6EAAAE4498}"
EndProject
Global
	GlobalSection(SolutionConfigurationPlatforms) = preSolution
		Debug|Any CPU = Debug|Any CPU
		Release|Any CPU = Release|Any CPU
	EndGlobalSection
	GlobalSection(ProjectConfigurationPlatforms) = postSolution
		{9DFB6DB2-877F-46C7-BCF7-4A6EAAAE4498}.Debug|Any CPU.ActiveCfg = Debug|Any CPU
		{9DFB6DB2-877F-46C7-BCF7-4A6EAAAE4498}.Debug|Any CPU.Build.0 = Debug|Any CPU
		{9DFB6DB2-877F-46C7-BCF7-4A6EAAAE4498}.Release|Any CPU.ActiveCfg = Release|Any CPU
		{9DFB6DB2-877F-46C7-BCF7-4A6EAAAE4498}.Release|Any CPU.Build.0 = Release|Any CPU
	EndGlobalSection
	GlobalSection(SolutionProperties) = preSolution
		HideSolutionNode = FALSE
	EndGlobalSection
	GlobalSection(ExtensibilityGlobals) = postSolution
		SolutionGuid = {52BFABCC-37F8-45A4-B07D-054616C1176E}
	EndGlobalSection
EndGlobal
